
Microsoft Visual Studio Solution File, Format Version 12.00
# Visual Studio Version 17
VisualStudioVersion = 17.6.33723.286
MinimumVisualStudioVersion = 10.0.40219.1
Project("{9A19103F-16F7-4668-BE54-9A1E7A4F7556}") = "Ecommerce.API", "Ecommerce.API\Ecommerce.API.csproj", "{F04F5677-F69E-43DF-8540-B495076287B5}"
EndProject
Global
	GlobalSection(SolutionConfigurationPlatforms) = preSolution
		Debug|Any CPU = Debug|Any CPU
		Release|Any CPU = Release|Any CPU
	EndGlobalSection
	GlobalSection(ProjectConfigurationPlatforms) = postSolution
		{F04F5677-F69E-43DF-8540-B495076287B5}.Debug|Any CPU.ActiveCfg = Debug|Any CPU
		{F04F5677-F69E-43DF-8540-B495076287B5}.Debug|Any CPU.Build.0 = Debug|Any CPU
		{F04F5677-F69E-43DF-8540-B495076287B5}.Release|Any CPU.ActiveCfg = Release|Any CPU
		{F04F5677-F69E-43DF-8540-B495076287B5}.Release|Any CPU.Build.0 = Release|Any CPU
	EndGlobalSection
	GlobalSection(SolutionProperties) = preSolution
		HideSolutionNode = FALSE
	EndGlobalSection
	GlobalSection(ExtensibilityGlobals) = postSolution
		SolutionGuid = {23823DE6-944A-4A0F-BE61-21BBE34B62DE}
	EndGlobalSection
EndGlobal
